
Microsoft Visual Studio Solution File, Format Version 12.00
# Visual Studio Version 17
VisualStudioVersion = 17.9.34728.123
MinimumVisualStudioVersion = 10.0.40219.1
Project("{9A19103F-16F7-4668-BE54-9A1E7A4F7556}") = "PlaceRentalApp.API", "PlaceRentalApp.API\PlaceRentalApp.API.csproj", "{A4521CD7-2AB9-4B5D-9CE4-7BB02D1CE42D}"
EndProject
Project("{9A19103F-16F7-4668-BE54-9A1E7A4F7556}") = "PlaceRentalApp.Core", "PlaceRentalApp.Core\PlaceRentalApp.Core.csproj", "{37E4A732-3A0D-46E8-A8DD-8943A7636F1A}"
EndProject
Project("{9A19103F-16F7-4668-BE54-9A1E7A4F7556}") = "PlaceRentalApp.Infrasctructure", "PlaceRentalApp.Infrasctructure\PlaceRentalApp.Infrasctructure.csproj", "{05518C60-8FBE-4A4F-96A3-78CA44A8269A}"
EndProject
Project("{9A19103F-16F7-4668-BE54-9A1E7A4F7556}") = "PlaceRentalApp.Application", "PlaceRentalApp.Application\PlaceRentalApp.Application.csproj", "{68D20FA9-517A-42C3-BA25-8BB91A26F7B0}"
EndProject
Project("{2150E333-8FDC-42A3-9474-1A3956D46DE8}") = "tests", "tests", "{630AC88F-5731-4E73-9553-C7581A0C5FD8}"
EndProject
Project("{9A19103F-16F7-4668-BE54-9A1E7A4F7556}") = "PlaceRentalApp.UnitTests", "tests\PlaceRentalApp.UnitTests\PlaceRentalApp.UnitTests.csproj", "{07F3AD5D-9AA0-48B6-8426-B4BFC0767A83}"
EndProject
Project("{9A19103F-16F7-4668-BE54-9A1E7A4F7556}") = "PlaceRentalApp.IntegrationTests", "tests\PlaceRentalApp.IntegrationTests\PlaceRentalApp.IntegrationTests.csproj", "{43AE0E9C-1203-430A-9840-10D76EA41368}"
EndProject
Project("{FAE04EC0-301F-11D3-BF4B-00C04F79EFBC}") = "PlaceRentalApp.LoadTest", "tests\PlaceRentalApp.LoadTest\PlaceRentalApp.LoadTest.csproj", "{327F6F45-8CE0-46A3-A639-411A14B0FDF6}"
EndProject
Global
	GlobalSection(SolutionConfigurationPlatforms) = preSolution
		Debug|Any CPU = Debug|Any CPU
		Release|Any CPU = Release|Any CPU
	EndGlobalSection
	GlobalSection(ProjectConfigurationPlatforms) = postSolution
		{A4521CD7-2AB9-4B5D-9CE4-7BB02D1CE42D}.Debug|Any CPU.ActiveCfg = Debug|Any CPU
		{A4521CD7-2AB9-4B5D-9CE4-7BB02D1CE42D}.Debug|Any CPU.Build.0 = Debug|Any CPU
		{A4521CD7-2AB9-4B5D-9CE4-7BB02D1CE42D}.Release|Any CPU.ActiveCfg = Release|Any CPU
		{A4521CD7-2AB9-4B5D-9CE4-7BB02D1CE42D}.Release|Any CPU.Build.0 = Release|Any CPU
		{37E4A732-3A0D-46E8-A8DD-8943A7636F1A}.Debug|Any CPU.ActiveCfg = Debug|Any CPU
		{37E4A732-3A0D-46E8-A8DD-8943A7636F1A}.Debug|Any CPU.Build.0 = Debug|Any CPU
		{37E4A732-3A0D-46E8-A8DD-8943A7636F1A}.Release|Any CPU.ActiveCfg = Release|Any CPU
		{37E4A732-3A0D-46E8-A8DD-8943A7636F1A}.Release|Any CPU.Build.0 = Release|Any CPU
		{05518C60-8FBE-4A4F-96A3-78CA44A8269A}.Debug|Any CPU.ActiveCfg = Debug|Any CPU
		{05518C60-8FBE-4A4F-96A3-78CA44A8269A}.Debug|Any CPU.Build.0 = Debug|Any CPU
		{05518C60-8FBE-4A4F-96A3-78CA44A8269A}.Release|Any CPU.ActiveCfg = Release|Any CPU
		{05518C60-8FBE-4A4F-96A3-78CA44A8269A}.Release|Any CPU.Build.0 = Release|Any CPU
		{68D20FA9-517A-42C3-BA25-8BB91A26F7B0}.Debug|Any CPU.ActiveCfg = Debug|Any CPU
		{68D20FA9-517A-42C3-BA25-8BB91A26F7B0}.Debug|Any CPU.Build.0 = Debug|Any CPU
		{68D20FA9-517A-42C3-BA25-8BB91A26F7B0}.Release|Any CPU.ActiveCfg = Release|Any CPU
		{68D20FA9-517A-42C3-BA25-8BB91A26F7B0}.Release|Any CPU.Build.0 = Release|Any CPU
		{07F3AD5D-9AA0-48B6-8426-B4BFC0767A83}.Debug|Any CPU.ActiveCfg = Debug|Any CPU
		{07F3AD5D-9AA0-48B6-8426-B4BFC0767A83}.Debug|Any CPU.Build.0 = Debug|Any CPU
		{07F3AD5D-9AA0-48B6-8426-B4BFC0767A83}.Release|Any CPU.ActiveCfg = Release|Any CPU
		{07F3AD5D-9AA0-48B6-8426-B4BFC0767A83}.Release|Any CPU.Build.0 = Release|Any CPU
		{43AE0E9C-1203-430A-9840-10D76EA41368}.Debug|Any CPU.ActiveCfg = Debug|Any CPU
		{43AE0E9C-1203-430A-9840-10D76EA41368}.Debug|Any CPU.Build.0 = Debug|Any CPU
		{43AE0E9C-1203-430A-9840-10D76EA41368}.Release|Any CPU.ActiveCfg = Release|Any CPU
		{43AE0E9C-1203-430A-9840-10D76EA41368}.Release|Any CPU.Build.0 = Release|Any CPU
		{327F6F45-8CE0-46A3-A639-411A14B0FDF6}.Debug|Any CPU.ActiveCfg = Debug|Any CPU
		{327F6F45-8CE0-46A3-A639-411A14B0FDF6}.Debug|Any CPU.Build.0 = Debug|Any CPU
		{327F6F45-8CE0-46A3-A639-411A14B0FDF6}.Release|Any CPU.ActiveCfg = Release|Any CPU
		{327F6F45-8CE0-46A3-A639-411A14B0FDF6}.Release|Any CPU.Build.0 = Release|Any CPU
	EndGlobalSection
	GlobalSection(SolutionProperties) = preSolution
		HideSolutionNode = FALSE
	EndGlobalSection
	GlobalSection(NestedProjects) = preSolution
		{07F3AD5D-9AA0-48B6-8426-B4BFC0767A83} = {630AC88F-5731-4E73-9553-C7581A0C5FD8}
		{43AE0E9C-1203-430A-9840-10D76EA41368} = {630AC88F-5731-4E73-9553-C7581A0C5FD8}
		{327F6F45-8CE0-46A3-A639-411A14B0FDF6} = {630AC88F-5731-4E73-9553-C7581A0C5FD8}
	EndGlobalSection
	GlobalSection(ExtensibilityGlobals) = postSolution
		SolutionGuid = {2091A6AB-8CB0-4F95-B6FF-D9114EE32034}
	EndGlobalSection
EndGlobal
